
Microsoft Visual Studio Solution File, Format Version 12.00
# Visual Studio Version 17
VisualStudioVersion = 17.6.33801.468
MinimumVisualStudioVersion = 10.0.40219.1
Project("{FAE04EC0-301F-11D3-BF4B-00C04F79EFBC}") = "FileTransfer.Server", "FileTransfer.Server\FileTransfer.Server.csproj", "{B6B59DFA-CA1E-4681-A739-A89B868666BD}"
EndProject
Project("{FAE04EC0-301F-11D3-BF4B-00C04F79EFBC}") = "FileTransfer.Client", "FileTransfer.Client\FileTransfer.Client.csproj", "{57A00FB2-958A-4EA5-AAD0-6EE709C52410}"
EndProject
Global
	GlobalSection(SolutionConfigurationPlatforms) = preSolution
		Debug|Any CPU = Debug|Any CPU
		Release|Any CPU = Release|Any CPU
	EndGlobalSection
	GlobalSection(ProjectConfigurationPlatforms) = postSolution
		{B6B59DFA-CA1E-4681-A739-A89B868666BD}.Debug|Any CPU.ActiveCfg = Debug|Any CPU
		{B6B59DFA-CA1E-4681-A739-A89B868666BD}.Debug|Any CPU.Build.0 = Debug|Any CPU
		{B6B59DFA-CA1E-4681-A739-A89B868666BD}.Release|Any CPU.ActiveCfg = Release|Any CPU
		{B6B59DFA-CA1E-4681-A739-A89B868666BD}.Release|Any CPU.Build.0 = Release|Any CPU
		{57A00FB2-958A-4EA5-AAD0-6EE709C52410}.Debug|Any CPU.ActiveCfg = Debug|Any CPU
		{57A00FB2-958A-4EA5-AAD0-6EE709C52410}.Debug|Any CPU.Build.0 = Debug|Any CPU
		{57A00FB2-958A-4EA5-AAD0-6EE709C52410}.Release|Any CPU.ActiveCfg = Release|Any CPU
		{57A00FB2-958A-4EA5-AAD0-6EE709C52410}.Release|Any CPU.Build.0 = Release|Any CPU
	EndGlobalSection
	GlobalSection(SolutionProperties) = preSolution
		HideSolutionNode = FALSE
	EndGlobalSection
	GlobalSection(ExtensibilityGlobals) = postSolution
		SolutionGuid = {C7582ADA-9C74-4DC6-94D3-71DA9FCF29E5}
	EndGlobalSection
EndGlobal
